
Microsoft Visual Studio Solution File, Format Version 12.00
# Visual Studio Version 16
VisualStudioVersion = 16.0.30804.86
MinimumVisualStudioVersion = 10.0.40219.1
Project("{9A19103F-16F7-4668-BE54-9A1E7A4F7556}") = "StandardWithDotNet5", "StandardWithDotNet5\StandardWithDotNet5.csproj", "{0FFD7600-DB61-4C22-AA48-E983251AA43D}"
EndProject
Project("{9A19103F-16F7-4668-BE54-9A1E7A4F7556}") = "CsharpDemo", "CsharpDemo\CsharpDemo.csproj", "{D1BA3DBB-7685-41B8-B2ED-05B94F5AF8C4}"
EndProject
Project("{9A19103F-16F7-4668-BE54-9A1E7A4F7556}") = "ShortHelloWorld", "ShortHelloWorld\ShortHelloWorld.csproj", "{48EBB56F-ED90-4965-A307-867291F582DC}"
EndProject
Project("{9A19103F-16F7-4668-BE54-9A1E7A4F7556}") = "SpaceCoastWebApi", "SpaceCoastWebApi\SpaceCoastWebApi.csproj", "{CD20B9AC-110B-46A8-A6F2-6ACC99B227FF}"
EndProject
Project("{9A19103F-16F7-4668-BE54-9A1E7A4F7556}") = "SpaceCoastDemoGrpc", "SpaceCoastDemoGrpc\SpaceCoastDemoGrpc.csproj", "{8EF676E8-D1D9-473E-8F0B-1D0239BC7116}"
EndProject
Project("{9A19103F-16F7-4668-BE54-9A1E7A4F7556}") = "SpaceCoastDemoGrpcClient", "SpaceCoastDemoGrpcClient\SpaceCoastDemoGrpcClient.csproj", "{946FC2F5-B3CD-4979-A383-B3C4364A686C}"
EndProject
Project("{9A19103F-16F7-4668-BE54-9A1E7A4F7556}") = "SpaceCoastDemoBlazor", "SpaceCoastDemoBlazor\SpaceCoastDemoBlazor.csproj", "{2ACA6E46-F7E1-48D8-BD5C-389805452C3C}"
EndProject
Project("{FAE04EC0-301F-11D3-BF4B-00C04F79EFBC}") = "NetworkingDemo", "NetworkingDemo\NetworkingDemo.csproj", "{4C6CE25F-8806-403B-AE87-594D6E5AA75A}"
EndProject
Global
	GlobalSection(SolutionConfigurationPlatforms) = preSolution
		Debug|Any CPU = Debug|Any CPU
		Release|Any CPU = Release|Any CPU
	EndGlobalSection
	GlobalSection(ProjectConfigurationPlatforms) = postSolution
		{0FFD7600-DB61-4C22-AA48-E983251AA43D}.Debug|Any CPU.ActiveCfg = Debug|Any CPU
		{0FFD7600-DB61-4C22-AA48-E983251AA43D}.Debug|Any CPU.Build.0 = Debug|Any CPU
		{0FFD7600-DB61-4C22-AA48-E983251AA43D}.Release|Any CPU.ActiveCfg = Release|Any CPU
		{0FFD7600-DB61-4C22-AA48-E983251AA43D}.Release|Any CPU.Build.0 = Release|Any CPU
		{D1BA3DBB-7685-41B8-B2ED-05B94F5AF8C4}.Debug|Any CPU.ActiveCfg = Debug|Any CPU
		{D1BA3DBB-7685-41B8-B2ED-05B94F5AF8C4}.Debug|Any CPU.Build.0 = Debug|Any CPU
		{D1BA3DBB-7685-41B8-B2ED-05B94F5AF8C4}.Release|Any CPU.ActiveCfg = Release|Any CPU
		{D1BA3DBB-7685-41B8-B2ED-05B94F5AF8C4}.Release|Any CPU.Build.0 = Release|Any CPU
		{48EBB56F-ED90-4965-A307-867291F582DC}.Debug|Any CPU.ActiveCfg = Debug|Any CPU
		{48EBB56F-ED90-4965-A307-867291F582DC}.Debug|Any CPU.Build.0 = Debug|Any CPU
		{48EBB56F-ED90-4965-A307-867291F582DC}.Release|Any CPU.ActiveCfg = Release|Any CPU
		{48EBB56F-ED90-4965-A307-867291F582DC}.Release|Any CPU.Build.0 = Release|Any CPU
		{CD20B9AC-110B-46A8-A6F2-6ACC99B227FF}.Debug|Any CPU.ActiveCfg = Debug|Any CPU
		{CD20B9AC-110B-46A8-A6F2-6ACC99B227FF}.Debug|Any CPU.Build.0 = Debug|Any CPU
		{CD20B9AC-110B-46A8-A6F2-6ACC99B227FF}.Release|Any CPU.ActiveCfg = Release|Any CPU
		{CD20B9AC-110B-46A8-A6F2-6ACC99B227FF}.Release|Any CPU.Build.0 = Release|Any CPU
		{8EF676E8-D1D9-473E-8F0B-1D0239BC7116}.Debug|Any CPU.ActiveCfg = Debug|Any CPU
		{8EF676E8-D1D9-473E-8F0B-1D0239BC7116}.Debug|Any CPU.Build.0 = Debug|Any CPU
		{8EF676E8-D1D9-473E-8F0B-1D0239BC7116}.Release|Any CPU.ActiveCfg = Release|Any CPU
		{8EF676E8-D1D9-473E-8F0B-1D0239BC7116}.Release|Any CPU.Build.0 = Release|Any CPU
		{946FC2F5-B3CD-4979-A383-B3C4364A686C}.Debug|Any CPU.ActiveCfg = Debug|Any CPU
		{946FC2F5-B3CD-4979-A383-B3C4364A686C}.Debug|Any CPU.Build.0 = Debug|Any CPU
		{946FC2F5-B3CD-4979-A383-B3C4364A686C}.Release|Any CPU.ActiveCfg = Release|Any CPU
		{946FC2F5-B3CD-4979-A383-B3C4364A686C}.Release|Any CPU.Build.0 = Release|Any CPU
		{2ACA6E46-F7E1-48D8-BD5C-389805452C3C}.Debug|Any CPU.ActiveCfg = Debug|Any CPU
		{2ACA6E46-F7E1-48D8-BD5C-389805452C3C}.Debug|Any CPU.Build.0 = Debug|Any CPU
		{2ACA6E46-F7E1-48D8-BD5C-389805452C3C}.Release|Any CPU.ActiveCfg = Release|Any CPU
		{2ACA6E46-F7E1-48D8-BD5C-389805452C3C}.Release|Any CPU.Build.0 = Release|Any CPU
		{4C6CE25F-8806-403B-AE87-594D6E5AA75A}.Debug|Any CPU.ActiveCfg = Debug|Any CPU
		{4C6CE25F-8806-403B-AE87-594D6E5AA75A}.Debug|Any CPU.Build.0 = Debug|Any CPU
		{4C6CE25F-8806-403B-AE87-594D6E5AA75A}.Release|Any CPU.ActiveCfg = Release|Any CPU
		{4C6CE25F-8806-403B-AE87-594D6E5AA75A}.Release|Any CPU.Build.0 = Release|Any CPU
	EndGlobalSection
	GlobalSection(SolutionProperties) = preSolution
		HideSolutionNode = FALSE
	EndGlobalSection
	GlobalSection(ExtensibilityGlobals) = postSolution
		SolutionGuid = {87DAA479-81A7-427A-8C95-F2AC12DC0D95}
	EndGlobalSection
EndGlobal
